
Microsoft Visual Studio Solution File, Format Version 12.00
# Visual Studio Version 17
VisualStudioVersion = 17.8.34408.163
MinimumVisualStudioVersion = 10.0.40219.1
Project("{FAE04EC0-301F-11D3-BF4B-00C04F79EFBC}") = "Program", "Program\Program.csproj", "{87CFF0EA-2568-4F52-B2C9-F5EAB485863A}"
EndProject
Project("{FAE04EC0-301F-11D3-BF4B-00C04F79EFBC}") = "Connect4BoardLogic", "Connect4Map\Connect4BoardLogic.csproj", "{8453DBC7-E11A-41B3-8FA7-058888D8904A}"
EndProject
Project("{FAE04EC0-301F-11D3-BF4B-00C04F79EFBC}") = "GameInterface", "GameInterface\GameInterface.csproj", "{2029ABC5-FED5-4064-8045-EA596CDE29F0}"
EndProject
Project("{FAE04EC0-301F-11D3-BF4B-00C04F79EFBC}") = "UI", "UI\UI.csproj", "{F089CE84-94B7-48C8-AFB2-9A4BA419BD24}"
EndProject
Global
	GlobalSection(SolutionConfigurationPlatforms) = preSolution
		Debug|Any CPU = Debug|Any CPU
		Release|Any CPU = Release|Any CPU
	EndGlobalSection
	GlobalSection(ProjectConfigurationPlatforms) = postSolution
		{87CFF0EA-2568-4F52-B2C9-F5EAB485863A}.Debug|Any CPU.ActiveCfg = Debug|Any CPU
		{87CFF0EA-2568-4F52-B2C9-F5EAB485863A}.Debug|Any CPU.Build.0 = Debug|Any CPU
		{87CFF0EA-2568-4F52-B2C9-F5EAB485863A}.Release|Any CPU.ActiveCfg = Release|Any CPU
		{87CFF0EA-2568-4F52-B2C9-F5EAB485863A}.Release|Any CPU.Build.0 = Release|Any CPU
		{8453DBC7-E11A-41B3-8FA7-058888D8904A}.Debug|Any CPU.ActiveCfg = Debug|Any CPU
		{8453DBC7-E11A-41B3-8FA7-058888D8904A}.Debug|Any CPU.Build.0 = Debug|Any CPU
		{8453DBC7-E11A-41B3-8FA7-058888D8904A}.Release|Any CPU.ActiveCfg = Release|Any CPU
		{8453DBC7-E11A-41B3-8FA7-058888D8904A}.Release|Any CPU.Build.0 = Release|Any CPU
		{2029ABC5-FED5-4064-8045-EA596CDE29F0}.Debug|Any CPU.ActiveCfg = Debug|Any CPU
		{2029ABC5-FED5-4064-8045-EA596CDE29F0}.Debug|Any CPU.Build.0 = Debug|Any CPU
		{2029ABC5-FED5-4064-8045-EA596CDE29F0}.Release|Any CPU.ActiveCfg = Release|Any CPU
		{2029ABC5-FED5-4064-8045-EA596CDE29F0}.Release|Any CPU.Build.0 = Release|Any CPU
		{F089CE84-94B7-48C8-AFB2-9A4BA419BD24}.Debug|Any CPU.ActiveCfg = Debug|Any CPU
		{F089CE84-94B7-48C8-AFB2-9A4BA419BD24}.Debug|Any CPU.Build.0 = Debug|Any CPU
		{F089CE84-94B7-48C8-AFB2-9A4BA419BD24}.Release|Any CPU.ActiveCfg = Release|Any CPU
		{F089CE84-94B7-48C8-AFB2-9A4BA419BD24}.Release|Any CPU.Build.0 = Release|Any CPU
	EndGlobalSection
	GlobalSection(SolutionProperties) = preSolution
		HideSolutionNode = FALSE
	EndGlobalSection
	GlobalSection(ExtensibilityGlobals) = postSolution
		SolutionGuid = {2A473B0F-A95C-4754-9294-B65D2CECEFE7}
	EndGlobalSection
EndGlobal
